{
	"name": "@cwapp/integration-tests",
	"version": "1.0.0",
	"lockfileVersion": 2,
	"requires": true,
	"packages": {
		"": {
			"name": "@cwapp/integration-tests",
			"version": "1.0.0",
			"license": "ISC",
			"dependencies": {
				"@ribarich/wp-dev": "file:../../packages/wp-dev"
			}
		},
		"../../packages/wp-dev": {
			"name": "@ribarich/wp-dev",
			"version": "0.1.0",
			"license": "ISC",
			"dependencies": {
				"@wordpress/hooks": "^3.2.2",
				"@wordpress/scripts": "^19.2.3",
				"command-exists": "1.2.9",
				"commander": "^8.3.0",
				"inversify": "^6.0.1",
				"joi": "^17.5.0",
				"mustache": "4.2.0",
				"reflect-metadata": "^0.1.13",
				"ssh2": "1.6.0"
			},
			"bin": {
				"wp-dev": "build/src/bin.js"
			},
			"devDependencies": {
				"@types/mustache": "4.1.2"
			}
		},
		"node_modules/@ribarich/wp-dev": {
			"resolved": "../../packages/wp-dev",
			"link": true
		}
	},
	"dependencies": {
		"@ribarich/wp-dev": {
			"version": "file:../../packages/wp-dev",
			"requires": {
				"@types/mustache": "4.1.2",
				"@wordpress/hooks": "^3.2.2",
				"@wordpress/scripts": "^19.2.3",
				"command-exists": "1.2.9",
				"commander": "^8.3.0",
				"inversify": "^6.0.1",
				"joi": "^17.5.0",
				"mustache": "4.2.0",
				"reflect-metadata": "^0.1.13",
				"ssh2": "1.6.0"
			}
		}
	}
}
